// !$*UTF8*$!
{
	archiveVersion = 1;
	classes = {
	};
	objectVersion = 56;
	objects = {

/* Begin PBXBuildFile section */
		509526C588EA0243D192A4D9 /* Pods_Desafio_CSTV_Fuze.framework in Frameworks */ = {isa = PBXBuildFile; fileRef = E8F5CC48C03E778386B3EBC5 /* Pods_Desafio_CSTV_Fuze.framework */; };
		5862A3A17CCE1EC109B59918 /* Pods_Desafio_CSTV_Fuze_Tests.framework in Frameworks */ = {isa = PBXBuildFile; fileRef = D18477C29CDE6CC8D990E1ED /* Pods_Desafio_CSTV_Fuze_Tests.framework */; };
		6F13637F2A7B402A00DD6717 /* Desafio_CSTV_FuzeApp.swift in Sources */ = {isa = PBXBuildFile; fileRef = 6F13637E2A7B402A00DD6717 /* Desafio_CSTV_FuzeApp.swift */; };
		6F1363832A7B402D00DD6717 /* Assets.xcassets in Resources */ = {isa = PBXBuildFile; fileRef = 6F1363822A7B402D00DD6717 /* Assets.xcassets */; };
		6F1363862A7B402D00DD6717 /* Preview Assets.xcassets in Resources */ = {isa = PBXBuildFile; fileRef = 6F1363852A7B402D00DD6717 /* Preview Assets.xcassets */; };
		6F1363922A7B434800DD6717 /* UINavigationController+Extension.swift in Sources */ = {isa = PBXBuildFile; fileRef = 6F1363912A7B434800DD6717 /* UINavigationController+Extension.swift */; };
		6F1363962A7B43E500DD6717 /* ViewModel.swift in Sources */ = {isa = PBXBuildFile; fileRef = 6F1363952A7B43E500DD6717 /* ViewModel.swift */; };
		6F13639A2A7B441000DD6717 /* NetworkTester.swift in Sources */ = {isa = PBXBuildFile; fileRef = 6F1363982A7B441000DD6717 /* NetworkTester.swift */; };
		6F13639B2A7B441000DD6717 /* APIURLs.swift in Sources */ = {isa = PBXBuildFile; fileRef = 6F1363992A7B441000DD6717 /* APIURLs.swift */; };
		6F3D5C362A7D829600534700 /* Formats.swift in Sources */ = {isa = PBXBuildFile; fileRef = 6F3D5C352A7D829600534700 /* Formats.swift */; };
		6F3D5C392A7D8A2000534700 /* DetailsViewModel.swift in Sources */ = {isa = PBXBuildFile; fileRef = 6F3D5C382A7D8A2000534700 /* DetailsViewModel.swift */; };
		6F3D5C3C2A7D8A7800534700 /* TeamResults.swift in Sources */ = {isa = PBXBuildFile; fileRef = 6F3D5C3B2A7D8A7800534700 /* TeamResults.swift */; };
		6F4FD1492A7D6F5E0011D98C /* Roboto-Medium.ttf in Resources */ = {isa = PBXBuildFile; fileRef = 6F4FD13C2A7D6F5E0011D98C /* Roboto-Medium.ttf */; };
		6F4FD14B2A7D6F5E0011D98C /* Roboto-Regular.ttf in Resources */ = {isa = PBXBuildFile; fileRef = 6F4FD13E2A7D6F5E0011D98C /* Roboto-Regular.ttf */; };
		6F4FD1532A7D6F5E0011D98C /* Roboto-Bold.ttf in Resources */ = {isa = PBXBuildFile; fileRef = 6F4FD1462A7D6F5E0011D98C /* Roboto-Bold.ttf */; };
		6F4FD1552A7D6F5E0011D98C /* Roboto-Black.ttf in Resources */ = {isa = PBXBuildFile; fileRef = 6F4FD1482A7D6F5E0011D98C /* Roboto-Black.ttf */; };
		6F4FD1582A7D72E80011D98C /* AppearanceConstants.swift in Sources */ = {isa = PBXBuildFile; fileRef = 6F4FD1572A7D72E80011D98C /* AppearanceConstants.swift */; };
		6F4FD15A2A7D75960011D98C /* OpponentsView.swift in Sources */ = {isa = PBXBuildFile; fileRef = 6F4FD1592A7D75960011D98C /* OpponentsView.swift */; };
		6F4FD15C2A7D76160011D98C /* Details.swift in Sources */ = {isa = PBXBuildFile; fileRef = 6F4FD15B2A7D76160011D98C /* Details.swift */; };
		6F4FD1602A7D77200011D98C /* match.json in Resources */ = {isa = PBXBuildFile; fileRef = 6F4FD15F2A7D77200011D98C /* match.json */; };
		6F4FD1632A7D77510011D98C /* MatchesMockManager.swift in Sources */ = {isa = PBXBuildFile; fileRef = 6F4FD1622A7D77510011D98C /* MatchesMockManager.swift */; };
		6F57EC312A80476B0086065F /* CachedAsyncImage in Frameworks */ = {isa = PBXBuildFile; productRef = 6F57EC302A80476B0086065F /* CachedAsyncImage */; };
		6F57EC332A8076D40086065F /* Settings.bundle in Resources */ = {isa = PBXBuildFile; fileRef = 6F57EC322A8076D40086065F /* Settings.bundle */; };
		6F86113D2A82AC5A005E404F /* matches_future.json in Resources */ = {isa = PBXBuildFile; fileRef = 6F86113B2A82AC5A005E404F /* matches_future.json */; };
		6F86113E2A82AC5A005E404F /* matches_past.json in Resources */ = {isa = PBXBuildFile; fileRef = 6F86113C2A82AC5A005E404F /* matches_past.json */; };
		6F8611432A82AC96005E404F /* Constants.swift in Sources */ = {isa = PBXBuildFile; fileRef = 6F8611422A82AC96005E404F /* Constants.swift */; };
		6F8611452A82AD1B005E404F /* MatchStubs.swift in Sources */ = {isa = PBXBuildFile; fileRef = 6F8611442A82AD1B005E404F /* MatchStubs.swift */; };
		6F8611482A82AFDB005E404F /* MatchTests.swift in Sources */ = {isa = PBXBuildFile; fileRef = 6F8611472A82AFDB005E404F /* MatchTests.swift */; };
		6F86114E2A82CC3E005E404F /* teams.json in Resources */ = {isa = PBXBuildFile; fileRef = 6F86114D2A82CC3E005E404F /* teams.json */; };
		6F8611502A82CC4F005E404F /* DetailsStub.swift in Sources */ = {isa = PBXBuildFile; fileRef = 6F86114F2A82CC4F005E404F /* DetailsStub.swift */; };
		6F8611522A82D211005E404F /* DetailsTest.swift in Sources */ = {isa = PBXBuildFile; fileRef = 6F8611512A82D211005E404F /* DetailsTest.swift */; };
		6F9D47FA2A7BFCFC0047DB2E /* MatchResults.swift in Sources */ = {isa = PBXBuildFile; fileRef = 6F9D47F92A7BFCFC0047DB2E /* MatchResults.swift */; };
		6F9D47FD2A7BFD4E0047DB2E /* HomeViewModel.swift in Sources */ = {isa = PBXBuildFile; fileRef = 6F9D47FC2A7BFD4E0047DB2E /* HomeViewModel.swift */; };
		6F9D48002A7BFDDE0047DB2E /* Auth.swift in Sources */ = {isa = PBXBuildFile; fileRef = 6F9D47FF2A7BFDDE0047DB2E /* Auth.swift */; };
		6F9D48022A7BFEC00047DB2E /* Home.swift in Sources */ = {isa = PBXBuildFile; fileRef = 6F9D48012A7BFEC00047DB2E /* Home.swift */; };
		6F9D48042A7BFFA70047DB2E /* CornerRadiusStyle.swift in Sources */ = {isa = PBXBuildFile; fileRef = 6F9D48032A7BFFA70047DB2E /* CornerRadiusStyle.swift */; };
		6F9D48062A7C004F0047DB2E /* TimeLabel.swift in Sources */ = {isa = PBXBuildFile; fileRef = 6F9D48052A7C004F0047DB2E /* TimeLabel.swift */; };
		6F9D48092A7C0C0C0047DB2E /* TeamView.swift in Sources */ = {isa = PBXBuildFile; fileRef = 6F9D48082A7C0C0C0047DB2E /* TeamView.swift */; };
		6FDAFB052A7F257C004040B6 /* NoTeamPlayers.swift in Sources */ = {isa = PBXBuildFile; fileRef = 6FDAFB042A7F257C004040B6 /* NoTeamPlayers.swift */; };
		6FDAFB072A7F2863004040B6 /* TeamMember.swift in Sources */ = {isa = PBXBuildFile; fileRef = 6FDAFB062A7F2863004040B6 /* TeamMember.swift */; };
		6FDAFB092A7F2A88004040B6 /* PlayerName.swift in Sources */ = {isa = PBXBuildFile; fileRef = 6FDAFB082A7F2A88004040B6 /* PlayerName.swift */; };
		6FDAFB0B2A7F2B0B004040B6 /* PlayerImage.swift in Sources */ = {isa = PBXBuildFile; fileRef = 6FDAFB0A2A7F2B0B004040B6 /* PlayerImage.swift */; };
		6FDAFB0D2A7F2CC2004040B6 /* Card.swift in Sources */ = {isa = PBXBuildFile; fileRef = 6FDAFB0C2A7F2CC2004040B6 /* Card.swift */; };
		6FDAFB0F2A7F2D05004040B6 /* FontConstants.swift in Sources */ = {isa = PBXBuildFile; fileRef = 6FDAFB0E2A7F2D05004040B6 /* FontConstants.swift */; };
		6FDAFB112A7F2F38004040B6 /* ColorConstants.swift in Sources */ = {isa = PBXBuildFile; fileRef = 6FDAFB102A7F2F38004040B6 /* ColorConstants.swift */; };
		6FDAFB132A7F3120004040B6 /* StringConstantsPortuguese.swift in Sources */ = {isa = PBXBuildFile; fileRef = 6FDAFB122A7F3120004040B6 /* StringConstantsPortuguese.swift */; };
		6FDAFB152A7F339B004040B6 /* IconConstants.swift in Sources */ = {isa = PBXBuildFile; fileRef = 6FDAFB142A7F339B004040B6 /* IconConstants.swift */; };
		6FDAFB182A7F36A4004040B6 /* Error.swift in Sources */ = {isa = PBXBuildFile; fileRef = 6FDAFB172A7F36A4004040B6 /* Error.swift */; };
/* End PBXBuildFile section */

/* Begin PBXContainerItemProxy section */
		6F8611342A82AACE005E404F /* PBXContainerItemProxy */ = {
			isa = PBXContainerItemProxy;
			containerPortal = 6F1363732A7B402A00DD6717 /* Project object */;
			proxyType = 1;
			remoteGlobalIDString = 6F13637A2A7B402A00DD6717;
			remoteInfo = "Desafio CSTV Fuze";
		};
/* End PBXContainerItemProxy section */

/* Begin PBXFileReference section */
		3FC25282B2A646B67B599E92 /* Pods-Desafio CSTV Fuze Tests.release.xcconfig */ = {isa = PBXFileReference; includeInIndex = 1; lastKnownFileType = text.xcconfig; name = "Pods-Desafio CSTV Fuze Tests.release.xcconfig"; path = "Target Support Files/Pods-Desafio CSTV Fuze Tests/Pods-Desafio CSTV Fuze Tests.release.xcconfig"; sourceTree = "<group>"; };
		46902DC2F88D82BE9D2A78E7 /* Pods-Desafio CSTV Fuze.release.xcconfig */ = {isa = PBXFileReference; includeInIndex = 1; lastKnownFileType = text.xcconfig; name = "Pods-Desafio CSTV Fuze.release.xcconfig"; path = "Target Support Files/Pods-Desafio CSTV Fuze/Pods-Desafio CSTV Fuze.release.xcconfig"; sourceTree = "<group>"; };
		6F13637B2A7B402A00DD6717 /* Desafio CSTV Fuze.app */ = {isa = PBXFileReference; explicitFileType = wrapper.application; includeInIndex = 0; path = "Desafio CSTV Fuze.app"; sourceTree = BUILT_PRODUCTS_DIR; };
		6F13637E2A7B402A00DD6717 /* Desafio_CSTV_FuzeApp.swift */ = {isa = PBXFileReference; lastKnownFileType = sourcecode.swift; path = Desafio_CSTV_FuzeApp.swift; sourceTree = "<group>"; };
		6F1363822A7B402D00DD6717 /* Assets.xcassets */ = {isa = PBXFileReference; lastKnownFileType = folder.assetcatalog; path = Assets.xcassets; sourceTree = "<group>"; };
		6F1363852A7B402D00DD6717 /* Preview Assets.xcassets */ = {isa = PBXFileReference; lastKnownFileType = folder.assetcatalog; path = "Preview Assets.xcassets"; sourceTree = "<group>"; };
		6F13638C2A7B424700DD6717 /* Desafio-CSTV-Fuze-Info.plist */ = {isa = PBXFileReference; lastKnownFileType = text.plist; path = "Desafio-CSTV-Fuze-Info.plist"; sourceTree = SOURCE_ROOT; };
		6F1363912A7B434800DD6717 /* UINavigationController+Extension.swift */ = {isa = PBXFileReference; lastKnownFileType = sourcecode.swift; path = "UINavigationController+Extension.swift"; sourceTree = "<group>"; };
		6F1363952A7B43E500DD6717 /* ViewModel.swift */ = {isa = PBXFileReference; lastKnownFileType = sourcecode.swift; path = ViewModel.swift; sourceTree = "<group>"; };
		6F1363982A7B441000DD6717 /* NetworkTester.swift */ = {isa = PBXFileReference; fileEncoding = 4; lastKnownFileType = sourcecode.swift; path = NetworkTester.swift; sourceTree = "<group>"; };
		6F1363992A7B441000DD6717 /* APIURLs.swift */ = {isa = PBXFileReference; fileEncoding = 4; lastKnownFileType = sourcecode.swift; path = APIURLs.swift; sourceTree = "<group>"; };
		6F3D5C352A7D829600534700 /* Formats.swift */ = {isa = PBXFileReference; lastKnownFileType = sourcecode.swift; path = Formats.swift; sourceTree = "<group>"; };
		6F3D5C382A7D8A2000534700 /* DetailsViewModel.swift */ = {isa = PBXFileReference; lastKnownFileType = sourcecode.swift; path = DetailsViewModel.swift; sourceTree = "<group>"; };
		6F3D5C3B2A7D8A7800534700 /* TeamResults.swift */ = {isa = PBXFileReference; lastKnownFileType = sourcecode.swift; path = TeamResults.swift; sourceTree = "<group>"; };
		6F4FD13C2A7D6F5E0011D98C /* Roboto-Medium.ttf */ = {isa = PBXFileReference; lastKnownFileType = file; path = "Roboto-Medium.ttf"; sourceTree = "<group>"; };
		6F4FD13E2A7D6F5E0011D98C /* Roboto-Regular.ttf */ = {isa = PBXFileReference; lastKnownFileType = file; path = "Roboto-Regular.ttf"; sourceTree = "<group>"; };
		6F4FD1462A7D6F5E0011D98C /* Roboto-Bold.ttf */ = {isa = PBXFileReference; lastKnownFileType = file; path = "Roboto-Bold.ttf"; sourceTree = "<group>"; };
		6F4FD1482A7D6F5E0011D98C /* Roboto-Black.ttf */ = {isa = PBXFileReference; lastKnownFileType = file; path = "Roboto-Black.ttf"; sourceTree = "<group>"; };
		6F4FD1572A7D72E80011D98C /* AppearanceConstants.swift */ = {isa = PBXFileReference; lastKnownFileType = sourcecode.swift; path = AppearanceConstants.swift; sourceTree = "<group>"; };
		6F4FD1592A7D75960011D98C /* OpponentsView.swift */ = {isa = PBXFileReference; lastKnownFileType = sourcecode.swift; path = OpponentsView.swift; sourceTree = "<group>"; };
		6F4FD15B2A7D76160011D98C /* Details.swift */ = {isa = PBXFileReference; lastKnownFileType = sourcecode.swift; path = Details.swift; sourceTree = "<group>"; };
		6F4FD15F2A7D77200011D98C /* match.json */ = {isa = PBXFileReference; fileEncoding = 4; lastKnownFileType = text.json; path = match.json; sourceTree = "<group>"; };
		6F4FD1622A7D77510011D98C /* MatchesMockManager.swift */ = {isa = PBXFileReference; lastKnownFileType = sourcecode.swift; path = MatchesMockManager.swift; sourceTree = "<group>"; };
		6F57EC322A8076D40086065F /* Settings.bundle */ = {isa = PBXFileReference; lastKnownFileType = "wrapper.plug-in"; path = Settings.bundle; sourceTree = "<group>"; };
		6F8611302A82AACE005E404F /* Desafio CSTV Fuze Tests.xctest */ = {isa = PBXFileReference; explicitFileType = wrapper.cfbundle; includeInIndex = 0; path = "Desafio CSTV Fuze Tests.xctest"; sourceTree = BUILT_PRODUCTS_DIR; };
		6F86113B2A82AC5A005E404F /* matches_future.json */ = {isa = PBXFileReference; fileEncoding = 4; lastKnownFileType = text.json; path = matches_future.json; sourceTree = "<group>"; };
		6F86113C2A82AC5A005E404F /* matches_past.json */ = {isa = PBXFileReference; fileEncoding = 4; lastKnownFileType = text.json; path = matches_past.json; sourceTree = "<group>"; };
		6F8611422A82AC96005E404F /* Constants.swift */ = {isa = PBXFileReference; lastKnownFileType = sourcecode.swift; path = Constants.swift; sourceTree = "<group>"; };
		6F8611442A82AD1B005E404F /* MatchStubs.swift */ = {isa = PBXFileReference; lastKnownFileType = sourcecode.swift; path = MatchStubs.swift; sourceTree = "<group>"; };
		6F8611472A82AFDB005E404F /* MatchTests.swift */ = {isa = PBXFileReference; lastKnownFileType = sourcecode.swift; path = MatchTests.swift; sourceTree = "<group>"; };
		6F86114D2A82CC3E005E404F /* teams.json */ = {isa = PBXFileReference; fileEncoding = 4; lastKnownFileType = text.json; path = teams.json; sourceTree = "<group>"; };
		6F86114F2A82CC4F005E404F /* DetailsStub.swift */ = {isa = PBXFileReference; lastKnownFileType = sourcecode.swift; path = DetailsStub.swift; sourceTree = "<group>"; };
		6F8611512A82D211005E404F /* DetailsTest.swift */ = {isa = PBXFileReference; lastKnownFileType = sourcecode.swift; path = DetailsTest.swift; sourceTree = "<group>"; };
		6F9D47F92A7BFCFC0047DB2E /* MatchResults.swift */ = {isa = PBXFileReference; lastKnownFileType = sourcecode.swift; path = MatchResults.swift; sourceTree = "<group>"; };
		6F9D47FC2A7BFD4E0047DB2E /* HomeViewModel.swift */ = {isa = PBXFileReference; lastKnownFileType = sourcecode.swift; path = HomeViewModel.swift; sourceTree = "<group>"; };
		6F9D47FF2A7BFDDE0047DB2E /* Auth.swift */ = {isa = PBXFileReference; lastKnownFileType = sourcecode.swift; path = Auth.swift; sourceTree = "<group>"; };
		6F9D48012A7BFEC00047DB2E /* Home.swift */ = {isa = PBXFileReference; lastKnownFileType = sourcecode.swift; path = Home.swift; sourceTree = "<group>"; };
		6F9D48032A7BFFA70047DB2E /* CornerRadiusStyle.swift */ = {isa = PBXFileReference; lastKnownFileType = sourcecode.swift; path = CornerRadiusStyle.swift; sourceTree = "<group>"; };
		6F9D48052A7C004F0047DB2E /* TimeLabel.swift */ = {isa = PBXFileReference; lastKnownFileType = sourcecode.swift; path = TimeLabel.swift; sourceTree = "<group>"; };
		6F9D48082A7C0C0C0047DB2E /* TeamView.swift */ = {isa = PBXFileReference; lastKnownFileType = sourcecode.swift; path = TeamView.swift; sourceTree = "<group>"; };
		6FDAFB042A7F257C004040B6 /* NoTeamPlayers.swift */ = {isa = PBXFileReference; lastKnownFileType = sourcecode.swift; path = NoTeamPlayers.swift; sourceTree = "<group>"; };
		6FDAFB062A7F2863004040B6 /* TeamMember.swift */ = {isa = PBXFileReference; lastKnownFileType = sourcecode.swift; path = TeamMember.swift; sourceTree = "<group>"; };
		6FDAFB082A7F2A88004040B6 /* PlayerName.swift */ = {isa = PBXFileReference; lastKnownFileType = sourcecode.swift; path = PlayerName.swift; sourceTree = "<group>"; };
		6FDAFB0A2A7F2B0B004040B6 /* PlayerImage.swift */ = {isa = PBXFileReference; lastKnownFileType = sourcecode.swift; path = PlayerImage.swift; sourceTree = "<group>"; };
		6FDAFB0C2A7F2CC2004040B6 /* Card.swift */ = {isa = PBXFileReference; lastKnownFileType = sourcecode.swift; path = Card.swift; sourceTree = "<group>"; };
		6FDAFB0E2A7F2D05004040B6 /* FontConstants.swift */ = {isa = PBXFileReference; lastKnownFileType = sourcecode.swift; path = FontConstants.swift; sourceTree = "<group>"; };
		6FDAFB102A7F2F38004040B6 /* ColorConstants.swift */ = {isa = PBXFileReference; lastKnownFileType = sourcecode.swift; path = ColorConstants.swift; sourceTree = "<group>"; };
		6FDAFB122A7F3120004040B6 /* StringConstantsPortuguese.swift */ = {isa = PBXFileReference; lastKnownFileType = sourcecode.swift; path = StringConstantsPortuguese.swift; sourceTree = "<group>"; };
		6FDAFB142A7F339B004040B6 /* IconConstants.swift */ = {isa = PBXFileReference; lastKnownFileType = sourcecode.swift; path = IconConstants.swift; sourceTree = "<group>"; };
		6FDAFB172A7F36A4004040B6 /* Error.swift */ = {isa = PBXFileReference; lastKnownFileType = sourcecode.swift; path = Error.swift; sourceTree = "<group>"; };
		84495DCF7D78049A280D9566 /* Pods-Desafio CSTV Fuze.debug.xcconfig */ = {isa = PBXFileReference; includeInIndex = 1; lastKnownFileType = text.xcconfig; name = "Pods-Desafio CSTV Fuze.debug.xcconfig"; path = "Target Support Files/Pods-Desafio CSTV Fuze/Pods-Desafio CSTV Fuze.debug.xcconfig"; sourceTree = "<group>"; };
		B291376CF323430366D53EF7 /* Pods-Desafio CSTV Fuze Tests.debug.xcconfig */ = {isa = PBXFileReference; includeInIndex = 1; lastKnownFileType = text.xcconfig; name = "Pods-Desafio CSTV Fuze Tests.debug.xcconfig"; path = "Target Support Files/Pods-Desafio CSTV Fuze Tests/Pods-Desafio CSTV Fuze Tests.debug.xcconfig"; sourceTree = "<group>"; };
		D18477C29CDE6CC8D990E1ED /* Pods_Desafio_CSTV_Fuze_Tests.framework */ = {isa = PBXFileReference; explicitFileType = wrapper.framework; includeInIndex = 0; path = Pods_Desafio_CSTV_Fuze_Tests.framework; sourceTree = BUILT_PRODUCTS_DIR; };
		E8F5CC48C03E778386B3EBC5 /* Pods_Desafio_CSTV_Fuze.framework */ = {isa = PBXFileReference; explicitFileType = wrapper.framework; includeInIndex = 0; path = Pods_Desafio_CSTV_Fuze.framework; sourceTree = BUILT_PRODUCTS_DIR; };
/* End PBXFileReference section */

/* Begin PBXFrameworksBuildPhase section */
		6F1363782A7B402A00DD6717 /* Frameworks */ = {
			isa = PBXFrameworksBuildPhase;
			buildActionMask = 2147483647;
			files = (
				509526C588EA0243D192A4D9 /* Pods_Desafio_CSTV_Fuze.framework in Frameworks */,
				6F57EC312A80476B0086065F /* CachedAsyncImage in Frameworks */,
			);
			runOnlyForDeploymentPostprocessing = 0;
		};
		6F86112D2A82AACE005E404F /* Frameworks */ = {
			isa = PBXFrameworksBuildPhase;
			buildActionMask = 2147483647;
			files = (
				5862A3A17CCE1EC109B59918 /* Pods_Desafio_CSTV_Fuze_Tests.framework in Frameworks */,
			);
			runOnlyForDeploymentPostprocessing = 0;
		};
/* End PBXFrameworksBuildPhase section */

/* Begin PBXGroup section */
		6F1363722A7B402A00DD6717 = {
			isa = PBXGroup;
			children = (
				6F57EC322A8076D40086065F /* Settings.bundle */,
				6F13637D2A7B402A00DD6717 /* Desafio CSTV Fuze */,
				6F8611312A82AACE005E404F /* Desafio CSTV Fuze Tests */,
				6F13637C2A7B402A00DD6717 /* Products */,
				7555D240328256F2413F01BE /* Pods */,
				A3FFEC1D6FDB5BB091042CFD /* Frameworks */,
			);
			sourceTree = "<group>";
		};
		6F13637C2A7B402A00DD6717 /* Products */ = {
			isa = PBXGroup;
			children = (
				6F13637B2A7B402A00DD6717 /* Desafio CSTV Fuze.app */,
				6F8611302A82AACE005E404F /* Desafio CSTV Fuze Tests.xctest */,
			);
			name = Products;
			sourceTree = "<group>";
		};
		6F13637D2A7B402A00DD6717 /* Desafio CSTV Fuze */ = {
			isa = PBXGroup;
			children = (
				6F4FD15D2A7D76F50011D98C /* Mocks */,
				6F4FD1562A7D72D90011D98C /* Constants */,
				6F4FD13A2A7D6F530011D98C /* Fonts */,
				6F9D47F72A7BFCEA0047DB2E /* Models */,
				6F1363972A7B440000DD6717 /* Network */,
				6F1363932A7B43CC00DD6717 /* Protocols */,
				6F1363902A7B433900DD6717 /* Utils */,
				6F13638D2A7B42BA00DD6717 /* Screens */,
				6F13638C2A7B424700DD6717 /* Desafio-CSTV-Fuze-Info.plist */,
				6F13637E2A7B402A00DD6717 /* Desafio_CSTV_FuzeApp.swift */,
				6F1363822A7B402D00DD6717 /* Assets.xcassets */,
				6F1363842A7B402D00DD6717 /* Preview Content */,
			);
			path = "Desafio CSTV Fuze";
			sourceTree = "<group>";
		};
		6F1363842A7B402D00DD6717 /* Preview Content */ = {
			isa = PBXGroup;
			children = (
				6F1363852A7B402D00DD6717 /* Preview Assets.xcassets */,
			);
			path = "Preview Content";
			sourceTree = "<group>";
		};
		6F13638D2A7B42BA00DD6717 /* Screens */ = {
			isa = PBXGroup;
			children = (
				6FDAFB162A7F3699004040B6 /* Error */,
				6F13638F2A7B42CD00DD6717 /* Details */,
				6F13638E2A7B42C600DD6717 /* Home */,
			);
			path = Screens;
			sourceTree = "<group>";
		};
		6F13638E2A7B42C600DD6717 /* Home */ = {
			isa = PBXGroup;
			children = (
				6F9D48072A7C00550047DB2E /* Components */,
				6F9D47FB2A7BFD420047DB2E /* ViewModel */,
				6F9D48012A7BFEC00047DB2E /* Home.swift */,
			);
			path = Home;
			sourceTree = "<group>";
		};
		6F13638F2A7B42CD00DD6717 /* Details */ = {
			isa = PBXGroup;
			children = (
				6FDAFAFF2A7F2434004040B6 /* Components */,
				6F3D5C372A7D8A1300534700 /* ViewModel */,
				6F4FD15B2A7D76160011D98C /* Details.swift */,
			);
			path = Details;
			sourceTree = "<group>";
		};
		6F1363902A7B433900DD6717 /* Utils */ = {
			isa = PBXGroup;
			children = (
				6F1363912A7B434800DD6717 /* UINavigationController+Extension.swift */,
				6F9D48032A7BFFA70047DB2E /* CornerRadiusStyle.swift */,
				6F3D5C352A7D829600534700 /* Formats.swift */,
			);
			path = Utils;
			sourceTree = "<group>";
		};
		6F1363932A7B43CC00DD6717 /* Protocols */ = {
			isa = PBXGroup;
			children = (
				6F1363942A7B43D600DD6717 /* ViewModel */,
			);
			path = Protocols;
			sourceTree = "<group>";
		};
		6F1363942A7B43D600DD6717 /* ViewModel */ = {
			isa = PBXGroup;
			children = (
				6F1363952A7B43E500DD6717 /* ViewModel.swift */,
			);
			path = ViewModel;
			sourceTree = "<group>";
		};
		6F1363972A7B440000DD6717 /* Network */ = {
			isa = PBXGroup;
			children = (
				6F9D47FE2A7BFDCF0047DB2E /* Auth */,
				6F1363992A7B441000DD6717 /* APIURLs.swift */,
				6F1363982A7B441000DD6717 /* NetworkTester.swift */,
			);
			path = Network;
			sourceTree = "<group>";
		};
		6F3D5C372A7D8A1300534700 /* ViewModel */ = {
			isa = PBXGroup;
			children = (
				6F3D5C382A7D8A2000534700 /* DetailsViewModel.swift */,
			);
			path = ViewModel;
			sourceTree = "<group>";
		};
		6F3D5C3A2A7D8A6B00534700 /* Details */ = {
			isa = PBXGroup;
			children = (
				6F3D5C3B2A7D8A7800534700 /* TeamResults.swift */,
			);
			path = Details;
			sourceTree = "<group>";
		};
		6F4FD13A2A7D6F530011D98C /* Fonts */ = {
			isa = PBXGroup;
			children = (
				6F4FD13B2A7D6F5E0011D98C /* Roboto */,
			);
			path = Fonts;
			sourceTree = "<group>";
		};
		6F4FD13B2A7D6F5E0011D98C /* Roboto */ = {
			isa = PBXGroup;
			children = (
				6F4FD13C2A7D6F5E0011D98C /* Roboto-Medium.ttf */,
				6F4FD13E2A7D6F5E0011D98C /* Roboto-Regular.ttf */,
				6F4FD1462A7D6F5E0011D98C /* Roboto-Bold.ttf */,
				6F4FD1482A7D6F5E0011D98C /* Roboto-Black.ttf */,
			);
			path = Roboto;
			sourceTree = "<group>";
		};
		6F4FD1562A7D72D90011D98C /* Constants */ = {
			isa = PBXGroup;
			children = (
				6F4FD1572A7D72E80011D98C /* AppearanceConstants.swift */,
				6FDAFB0E2A7F2D05004040B6 /* FontConstants.swift */,
				6FDAFB102A7F2F38004040B6 /* ColorConstants.swift */,
				6FDAFB122A7F3120004040B6 /* StringConstantsPortuguese.swift */,
				6FDAFB142A7F339B004040B6 /* IconConstants.swift */,
			);
			path = Constants;
			sourceTree = "<group>";
		};
		6F4FD15D2A7D76F50011D98C /* Mocks */ = {
			isa = PBXGroup;
			children = (
				6F4FD15E2A7D77150011D98C /* JSONs */,
				6F4FD1622A7D77510011D98C /* MatchesMockManager.swift */,
			);
			path = Mocks;
			sourceTree = "<group>";
		};
		6F4FD15E2A7D77150011D98C /* JSONs */ = {
			isa = PBXGroup;
			children = (
				6F4FD15F2A7D77200011D98C /* match.json */,
			);
			path = JSONs;
			sourceTree = "<group>";
		};
		6F8611312A82AACE005E404F /* Desafio CSTV Fuze Tests */ = {
			isa = PBXGroup;
			children = (
				6F8611492A82CB61005E404F /* DetailsTest */,
				6F8611462A82AEAB005E404F /* MatchTest */,
				6F8611392A82AB64005E404F /* Stubs */,
			);
			path = "Desafio CSTV Fuze Tests";
			sourceTree = "<group>";
		};
		6F8611392A82AB64005E404F /* Stubs */ = {
			isa = PBXGroup;
			children = (
				6F86114B2A82CB9F005E404F /* Details */,
				6F86114A2A82CB94005E404F /* Matches */,
				6F8611422A82AC96005E404F /* Constants.swift */,
			);
			path = Stubs;
			sourceTree = "<group>";
		};
		6F86113A2A82AB6C005E404F /* JSONs */ = {
			isa = PBXGroup;
			children = (
				6F86113B2A82AC5A005E404F /* matches_future.json */,
				6F86113C2A82AC5A005E404F /* matches_past.json */,
			);
			path = JSONs;
			sourceTree = "<group>";
		};
		6F8611462A82AEAB005E404F /* MatchTest */ = {
			isa = PBXGroup;
			children = (
				6F8611472A82AFDB005E404F /* MatchTests.swift */,
			);
			path = MatchTest;
			sourceTree = "<group>";
		};
		6F8611492A82CB61005E404F /* DetailsTest */ = {
			isa = PBXGroup;
			children = (
				6F8611512A82D211005E404F /* DetailsTest.swift */,
			);
			path = DetailsTest;
			sourceTree = "<group>";
		};
		6F86114A2A82CB94005E404F /* Matches */ = {
			isa = PBXGroup;
			children = (
				6F86113A2A82AB6C005E404F /* JSONs */,
				6F8611442A82AD1B005E404F /* MatchStubs.swift */,
			);
			path = Matches;
			sourceTree = "<group>";
		};
		6F86114B2A82CB9F005E404F /* Details */ = {
			isa = PBXGroup;
			children = (
				6F86114C2A82CBA8005E404F /* JSON */,
				6F86114F2A82CC4F005E404F /* DetailsStub.swift */,
			);
			path = Details;
			sourceTree = "<group>";
		};
		6F86114C2A82CBA8005E404F /* JSON */ = {
			isa = PBXGroup;
			children = (
				6F86114D2A82CC3E005E404F /* teams.json */,
			);
			path = JSON;
			sourceTree = "<group>";
		};
		6F9D47F72A7BFCEA0047DB2E /* Models */ = {
			isa = PBXGroup;
			children = (
				6F3D5C3A2A7D8A6B00534700 /* Details */,
				6F9D47F82A7BFCF10047DB2E /* Home */,
			);
			path = Models;
			sourceTree = "<group>";
		};
		6F9D47F82A7BFCF10047DB2E /* Home */ = {
			isa = PBXGroup;
			children = (
				6F9D47F92A7BFCFC0047DB2E /* MatchResults.swift */,
			);
			path = Home;
			sourceTree = "<group>";
		};
		6F9D47FB2A7BFD420047DB2E /* ViewModel */ = {
			isa = PBXGroup;
			children = (
				6F9D47FC2A7BFD4E0047DB2E /* HomeViewModel.swift */,
			);
			path = ViewModel;
			sourceTree = "<group>";
		};
		6F9D47FE2A7BFDCF0047DB2E /* Auth */ = {
			isa = PBXGroup;
			children = (
				6F9D47FF2A7BFDDE0047DB2E /* Auth.swift */,
			);
			path = Auth;
			sourceTree = "<group>";
		};
		6F9D48072A7C00550047DB2E /* Components */ = {
			isa = PBXGroup;
			children = (
				6F9D48052A7C004F0047DB2E /* TimeLabel.swift */,
				6F9D48082A7C0C0C0047DB2E /* TeamView.swift */,
				6F4FD1592A7D75960011D98C /* OpponentsView.swift */,
				6FDAFB0C2A7F2CC2004040B6 /* Card.swift */,
			);
			path = Components;
			sourceTree = "<group>";
		};
		6FDAFAFF2A7F2434004040B6 /* Components */ = {
			isa = PBXGroup;
			children = (
				6FDAFB042A7F257C004040B6 /* NoTeamPlayers.swift */,
				6FDAFB062A7F2863004040B6 /* TeamMember.swift */,
				6FDAFB082A7F2A88004040B6 /* PlayerName.swift */,
				6FDAFB0A2A7F2B0B004040B6 /* PlayerImage.swift */,
			);
			path = Components;
			sourceTree = "<group>";
		};
		6FDAFB162A7F3699004040B6 /* Error */ = {
			isa = PBXGroup;
			children = (
				6FDAFB172A7F36A4004040B6 /* Error.swift */,
			);
			path = Error;
			sourceTree = "<group>";
		};
		7555D240328256F2413F01BE /* Pods */ = {
			isa = PBXGroup;
			children = (
				84495DCF7D78049A280D9566 /* Pods-Desafio CSTV Fuze.debug.xcconfig */,
				46902DC2F88D82BE9D2A78E7 /* Pods-Desafio CSTV Fuze.release.xcconfig */,
				B291376CF323430366D53EF7 /* Pods-Desafio CSTV Fuze Tests.debug.xcconfig */,
				3FC25282B2A646B67B599E92 /* Pods-Desafio CSTV Fuze Tests.release.xcconfig */,
			);
			path = Pods;
			sourceTree = "<group>";
		};
		A3FFEC1D6FDB5BB091042CFD /* Frameworks */ = {
			isa = PBXGroup;
			children = (
				E8F5CC48C03E778386B3EBC5 /* Pods_Desafio_CSTV_Fuze.framework */,
				D18477C29CDE6CC8D990E1ED /* Pods_Desafio_CSTV_Fuze_Tests.framework */,
			);
			name = Frameworks;
			sourceTree = "<group>";
		};
/* End PBXGroup section */

/* Begin PBXNativeTarget section */
		6F13637A2A7B402A00DD6717 /* Desafio CSTV Fuze */ = {
			isa = PBXNativeTarget;
			buildConfigurationList = 6F1363892A7B402D00DD6717 /* Build configuration list for PBXNativeTarget "Desafio CSTV Fuze" */;
			buildPhases = (
				57B04E6424CDE55A8E397F92 /* [CP] Check Pods Manifest.lock */,
				6F1363772A7B402A00DD6717 /* Sources */,
				6F1363782A7B402A00DD6717 /* Frameworks */,
				6F1363792A7B402A00DD6717 /* Resources */,
				6E3E4B8D69139DFA20BC4BB8 /* [CP] Embed Pods Frameworks */,
			);
			buildRules = (
			);
			dependencies = (
			);
			name = "Desafio CSTV Fuze";
			packageProductDependencies = (
				6F57EC302A80476B0086065F /* CachedAsyncImage */,
			);
			productName = "Desafio CSTV Fuze";
			productReference = 6F13637B2A7B402A00DD6717 /* Desafio CSTV Fuze.app */;
			productType = "com.apple.product-type.application";
		};
		6F86112F2A82AACE005E404F /* Desafio CSTV Fuze Tests */ = {
			isa = PBXNativeTarget;
			buildConfigurationList = 6F8611382A82AACE005E404F /* Build configuration list for PBXNativeTarget "Desafio CSTV Fuze Tests" */;
			buildPhases = (
				22FAB621237361E20E7EE3C6 /* [CP] Check Pods Manifest.lock */,
				6F86112C2A82AACE005E404F /* Sources */,
				6F86112D2A82AACE005E404F /* Frameworks */,
				6F86112E2A82AACE005E404F /* Resources */,
				A337A35B911B553EA17F3AD9 /* [CP] Embed Pods Frameworks */,
			);
			buildRules = (
			);
			dependencies = (
				6F8611352A82AACE005E404F /* PBXTargetDependency */,
			);
			name = "Desafio CSTV Fuze Tests";
			productName = "Desafio CSTV Fuze Tests";
			productReference = 6F8611302A82AACE005E404F /* Desafio CSTV Fuze Tests.xctest */;
			productType = "com.apple.product-type.bundle.unit-test";
		};
/* End PBXNativeTarget section */

/* Begin PBXProject section */
		6F1363732A7B402A00DD6717 /* Project object */ = {
			isa = PBXProject;
			attributes = {
				BuildIndependentTargetsInParallel = 1;
				LastSwiftUpdateCheck = 1500;
				LastUpgradeCheck = 1500;
				TargetAttributes = {
					6F13637A2A7B402A00DD6717 = {
						CreatedOnToolsVersion = 15.0;
					};
					6F86112F2A82AACE005E404F = {
						CreatedOnToolsVersion = 15.0;
						TestTargetID = 6F13637A2A7B402A00DD6717;
					};
				};
			};
			buildConfigurationList = 6F1363762A7B402A00DD6717 /* Build configuration list for PBXProject "Desafio CSTV Fuze" */;
			compatibilityVersion = "Xcode 14.0";
			developmentRegion = en;
			hasScannedForEncodings = 0;
			knownRegions = (
				en,
				Base,
			);
			mainGroup = 6F1363722A7B402A00DD6717;
			packageReferences = (
				6F57EC2F2A80476B0086065F /* XCRemoteSwiftPackageReference "swiftui-cached-async-image" */,
			);
			productRefGroup = 6F13637C2A7B402A00DD6717 /* Products */;
			projectDirPath = "";
			projectRoot = "";
			targets = (
				6F13637A2A7B402A00DD6717 /* Desafio CSTV Fuze */,
				6F86112F2A82AACE005E404F /* Desafio CSTV Fuze Tests */,
			);
		};
/* End PBXProject section */

/* Begin PBXResourcesBuildPhase section */
		6F1363792A7B402A00DD6717 /* Resources */ = {
			isa = PBXResourcesBuildPhase;
			buildActionMask = 2147483647;
			files = (
				6F57EC332A8076D40086065F /* Settings.bundle in Resources */,
				6F4FD1552A7D6F5E0011D98C /* Roboto-Black.ttf in Resources */,
				6F4FD1532A7D6F5E0011D98C /* Roboto-Bold.ttf in Resources */,
				6F1363862A7B402D00DD6717 /* Preview Assets.xcassets in Resources */,
				6F1363832A7B402D00DD6717 /* Assets.xcassets in Resources */,
				6F4FD14B2A7D6F5E0011D98C /* Roboto-Regular.ttf in Resources */,
				6F4FD1602A7D77200011D98C /* match.json in Resources */,
				6F4FD1492A7D6F5E0011D98C /* Roboto-Medium.ttf in Resources */,
			);
			runOnlyForDeploymentPostprocessing = 0;
		};
		6F86112E2A82AACE005E404F /* Resources */ = {
			isa = PBXResourcesBuildPhase;
			buildActionMask = 2147483647;
			files = (
				6F86114E2A82CC3E005E404F /* teams.json in Resources */,
				6F86113D2A82AC5A005E404F /* matches_future.json in Resources */,
				6F86113E2A82AC5A005E404F /* matches_past.json in Resources */,
			);
			runOnlyForDeploymentPostprocessing = 0;
		};
/* End PBXResourcesBuildPhase section */

/* Begin PBXShellScriptBuildPhase section */
		22FAB621237361E20E7EE3C6 /* [CP] Check Pods Manifest.lock */ = {
			isa = PBXShellScriptBuildPhase;
			buildActionMask = 2147483647;
			files = (
			);
			inputFileListPaths = (
			);
			inputPaths = (
				"${PODS_PODFILE_DIR_PATH}/Podfile.lock",
				"${PODS_ROOT}/Manifest.lock",
			);
			name = "[CP] Check Pods Manifest.lock";
			outputFileListPaths = (
			);
			outputPaths = (
				"$(DERIVED_FILE_DIR)/Pods-Desafio CSTV Fuze Tests-checkManifestLockResult.txt",
			);
			runOnlyForDeploymentPostprocessing = 0;
			shellPath = /bin/sh;
			shellScript = "diff \"${PODS_PODFILE_DIR_PATH}/Podfile.lock\" \"${PODS_ROOT}/Manifest.lock\" > /dev/null\nif [ $? != 0 ] ; then\n    # print error to STDERR\n    echo \"error: The sandbox is not in sync with the Podfile.lock. Run 'pod install' or update your CocoaPods installation.\" >&2\n    exit 1\nfi\n# This output is used by Xcode 'outputs' to avoid re-running this script phase.\necho \"SUCCESS\" > \"${SCRIPT_OUTPUT_FILE_0}\"\n";
			showEnvVarsInLog = 0;
		};
		57B04E6424CDE55A8E397F92 /* [CP] Check Pods Manifest.lock */ = {
			isa = PBXShellScriptBuildPhase;
			buildActionMask = 2147483647;
			files = (
			);
			inputFileListPaths = (
			);
			inputPaths = (
				"${PODS_PODFILE_DIR_PATH}/Podfile.lock",
				"${PODS_ROOT}/Manifest.lock",
			);
			name = "[CP] Check Pods Manifest.lock";
			outputFileListPaths = (
			);
			outputPaths = (
				"$(DERIVED_FILE_DIR)/Pods-Desafio CSTV Fuze-checkManifestLockResult.txt",
			);
			runOnlyForDeploymentPostprocessing = 0;
			shellPath = /bin/sh;
			shellScript = "diff \"${PODS_PODFILE_DIR_PATH}/Podfile.lock\" \"${PODS_ROOT}/Manifest.lock\" > /dev/null\nif [ $? != 0 ] ; then\n    # print error to STDERR\n    echo \"error: The sandbox is not in sync with the Podfile.lock. Run 'pod install' or update your CocoaPods installation.\" >&2\n    exit 1\nfi\n# This output is used by Xcode 'outputs' to avoid re-running this script phase.\necho \"SUCCESS\" > \"${SCRIPT_OUTPUT_FILE_0}\"\n";
			showEnvVarsInLog = 0;
		};
		6E3E4B8D69139DFA20BC4BB8 /* [CP] Embed Pods Frameworks */ = {
			isa = PBXShellScriptBuildPhase;
			buildActionMask = 2147483647;
			files = (
			);
			inputFileListPaths = (
				"${PODS_ROOT}/Target Support Files/Pods-Desafio CSTV Fuze/Pods-Desafio CSTV Fuze-frameworks-${CONFIGURATION}-input-files.xcfilelist",
			);
			name = "[CP] Embed Pods Frameworks";
			outputFileListPaths = (
				"${PODS_ROOT}/Target Support Files/Pods-Desafio CSTV Fuze/Pods-Desafio CSTV Fuze-frameworks-${CONFIGURATION}-output-files.xcfilelist",
			);
			runOnlyForDeploymentPostprocessing = 0;
			shellPath = /bin/sh;
			shellScript = "\"${PODS_ROOT}/Target Support Files/Pods-Desafio CSTV Fuze/Pods-Desafio CSTV Fuze-frameworks.sh\"\n";
			showEnvVarsInLog = 0;
		};
		A337A35B911B553EA17F3AD9 /* [CP] Embed Pods Frameworks */ = {
			isa = PBXShellScriptBuildPhase;
			buildActionMask = 2147483647;
			files = (
			);
			inputFileListPaths = (
				"${PODS_ROOT}/Target Support Files/Pods-Desafio CSTV Fuze Tests/Pods-Desafio CSTV Fuze Tests-frameworks-${CONFIGURATION}-input-files.xcfilelist",
			);
			name = "[CP] Embed Pods Frameworks";
			outputFileListPaths = (
				"${PODS_ROOT}/Target Support Files/Pods-Desafio CSTV Fuze Tests/Pods-Desafio CSTV Fuze Tests-frameworks-${CONFIGURATION}-output-files.xcfilelist",
			);
			runOnlyForDeploymentPostprocessing = 0;
			shellPath = /bin/sh;
			shellScript = "\"${PODS_ROOT}/Target Support Files/Pods-Desafio CSTV Fuze Tests/Pods-Desafio CSTV Fuze Tests-frameworks.sh\"\n";
			showEnvVarsInLog = 0;
		};
/* End PBXShellScriptBuildPhase section */

/* Begin PBXSourcesBuildPhase section */
		6F1363772A7B402A00DD6717 /* Sources */ = {
			isa = PBXSourcesBuildPhase;
			buildActionMask = 2147483647;
			files = (
				6F9D48042A7BFFA70047DB2E /* CornerRadiusStyle.swift in Sources */,
				6F9D48062A7C004F0047DB2E /* TimeLabel.swift in Sources */,
				6F9D47FA2A7BFCFC0047DB2E /* MatchResults.swift in Sources */,
				6F9D48022A7BFEC00047DB2E /* Home.swift in Sources */,
				6F13637F2A7B402A00DD6717 /* Desafio_CSTV_FuzeApp.swift in Sources */,
				6F3D5C362A7D829600534700 /* Formats.swift in Sources */,
				6FDAFB0F2A7F2D05004040B6 /* FontConstants.swift in Sources */,
				6F9D47FD2A7BFD4E0047DB2E /* HomeViewModel.swift in Sources */,
				6FDAFB0D2A7F2CC2004040B6 /* Card.swift in Sources */,
				6F13639A2A7B441000DD6717 /* NetworkTester.swift in Sources */,
				6FDAFB0B2A7F2B0B004040B6 /* PlayerImage.swift in Sources */,
				6FDAFB092A7F2A88004040B6 /* PlayerName.swift in Sources */,
				6F1363962A7B43E500DD6717 /* ViewModel.swift in Sources */,
				6F13639B2A7B441000DD6717 /* APIURLs.swift in Sources */,
				6F4FD15A2A7D75960011D98C /* OpponentsView.swift in Sources */,
				6F1363922A7B434800DD6717 /* UINavigationController+Extension.swift in Sources */,
				6FDAFB132A7F3120004040B6 /* StringConstantsPortuguese.swift in Sources */,
				6F4FD1632A7D77510011D98C /* MatchesMockManager.swift in Sources */,
				6FDAFB112A7F2F38004040B6 /* ColorConstants.swift in Sources */,
				6F4FD15C2A7D76160011D98C /* Details.swift in Sources */,
				6F4FD1582A7D72E80011D98C /* AppearanceConstants.swift in Sources */,
				6FDAFB182A7F36A4004040B6 /* Error.swift in Sources */,
				6FDAFB072A7F2863004040B6 /* TeamMember.swift in Sources */,
				6F9D48002A7BFDDE0047DB2E /* Auth.swift in Sources */,
				6F3D5C3C2A7D8A7800534700 /* TeamResults.swift in Sources */,
				6FDAFB152A7F339B004040B6 /* IconConstants.swift in Sources */,
				6F9D48092A7C0C0C0047DB2E /* TeamView.swift in Sources */,
				6FDAFB052A7F257C004040B6 /* NoTeamPlayers.swift in Sources */,
				6F3D5C392A7D8A2000534700 /* DetailsViewModel.swift in Sources */,
			);
			runOnlyForDeploymentPostprocessing = 0;
		};
		6F86112C2A82AACE005E404F /* Sources */ = {
			isa = PBXSourcesBuildPhase;
			buildActionMask = 2147483647;
			files = (
				6F8611502A82CC4F005E404F /* DetailsStub.swift in Sources */,
				6F8611452A82AD1B005E404F /* MatchStubs.swift in Sources */,
				6F8611432A82AC96005E404F /* Constants.swift in Sources */,
				6F8611522A82D211005E404F /* DetailsTest.swift in Sources */,
				6F8611482A82AFDB005E404F /* MatchTests.swift in Sources */,
			);
			runOnlyForDeploymentPostprocessing = 0;
		};
/* End PBXSourcesBuildPhase section */

/* Begin PBXTargetDependency section */
		6F8611352A82AACE005E404F /* PBXTargetDependency */ = {
			isa = PBXTargetDependency;
			target = 6F13637A2A7B402A00DD6717 /* Desafio CSTV Fuze */;
			targetProxy = 6F8611342A82AACE005E404F /* PBXContainerItemProxy */;
		};
/* End PBXTargetDependency section */

/* Begin XCBuildConfiguration section */
		6F1363872A7B402D00DD6717 /* Debug */ = {
			isa = XCBuildConfiguration;
			buildSettings = {
				ALWAYS_SEARCH_USER_PATHS = NO;
				ASSETCATALOG_COMPILER_GENERATE_SWIFT_ASSET_SYMBOL_EXTENSIONS = YES;
				CLANG_ANALYZER_NONNULL = YES;
				CLANG_ANALYZER_NUMBER_OBJECT_CONVERSION = YES_AGGRESSIVE;
				CLANG_CXX_LANGUAGE_STANDARD = "gnu++20";
				CLANG_ENABLE_MODULES = YES;
				CLANG_ENABLE_OBJC_ARC = YES;
				CLANG_ENABLE_OBJC_WEAK = YES;
				CLANG_WARN_BLOCK_CAPTURE_AUTORELEASING = YES;
				CLANG_WARN_BOOL_CONVERSION = YES;
				CLANG_WARN_COMMA = YES;
				CLANG_WARN_CONSTANT_CONVERSION = YES;
				CLANG_WARN_DEPRECATED_OBJC_IMPLEMENTATIONS = YES;
				CLANG_WARN_DIRECT_OBJC_ISA_USAGE = YES_ERROR;
				CLANG_WARN_DOCUMENTATION_COMMENTS = YES;
				CLANG_WARN_EMPTY_BODY = YES;
				CLANG_WARN_ENUM_CONVERSION = YES;
				CLANG_WARN_INFINITE_RECURSION = YES;
				CLANG_WARN_INT_CONVERSION = YES;
				CLANG_WARN_NON_LITERAL_NULL_CONVERSION = YES;
				CLANG_WARN_OBJC_IMPLICIT_RETAIN_SELF = YES;
				CLANG_WARN_OBJC_LITERAL_CONVERSION = YES;
				CLANG_WARN_OBJC_ROOT_CLASS = YES_ERROR;
				CLANG_WARN_QUOTED_INCLUDE_IN_FRAMEWORK_HEADER = YES;
				CLANG_WARN_RANGE_LOOP_ANALYSIS = YES;
				CLANG_WARN_STRICT_PROTOTYPES = YES;
				CLANG_WARN_SUSPICIOUS_MOVE = YES;
				CLANG_WARN_UNGUARDED_AVAILABILITY = YES_AGGRESSIVE;
				CLANG_WARN_UNREACHABLE_CODE = YES;
				CLANG_WARN__DUPLICATE_METHOD_MATCH = YES;
				COPY_PHASE_STRIP = NO;
				DEBUG_INFORMATION_FORMAT = dwarf;
				ENABLE_STRICT_OBJC_MSGSEND = YES;
				ENABLE_TESTABILITY = YES;
				ENABLE_USER_SCRIPT_SANDBOXING = YES;
				GCC_C_LANGUAGE_STANDARD = gnu17;
				GCC_DYNAMIC_NO_PIC = NO;
				GCC_NO_COMMON_BLOCKS = YES;
				GCC_OPTIMIZATION_LEVEL = 0;
				GCC_PREPROCESSOR_DEFINITIONS = (
					"DEBUG=1",
					"$(inherited)",
				);
				GCC_WARN_64_TO_32_BIT_CONVERSION = YES;
				GCC_WARN_ABOUT_RETURN_TYPE = YES_ERROR;
				GCC_WARN_UNDECLARED_SELECTOR = YES;
				GCC_WARN_UNINITIALIZED_AUTOS = YES_AGGRESSIVE;
				GCC_WARN_UNUSED_FUNCTION = YES;
				GCC_WARN_UNUSED_VARIABLE = YES;
				IPHONEOS_DEPLOYMENT_TARGET = 17.0;
				LOCALIZATION_PREFERS_STRING_CATALOGS = YES;
				MTL_ENABLE_DEBUG_INFO = INCLUDE_SOURCE;
				MTL_FAST_MATH = YES;
				ONLY_ACTIVE_ARCH = YES;
				SDKROOT = iphoneos;
				SWIFT_ACTIVE_COMPILATION_CONDITIONS = "DEBUG $(inherited)";
				SWIFT_OPTIMIZATION_LEVEL = "-Onone";
			};
			name = Debug;
		};
		6F1363882A7B402D00DD6717 /* Release */ = {
			isa = XCBuildConfiguration;
			buildSettings = {
				ALWAYS_SEARCH_USER_PATHS = NO;
				ASSETCATALOG_COMPILER_GENERATE_SWIFT_ASSET_SYMBOL_EXTENSIONS = YES;
				CLANG_ANALYZER_NONNULL = YES;
				CLANG_ANALYZER_NUMBER_OBJECT_CONVERSION = YES_AGGRESSIVE;
				CLANG_CXX_LANGUAGE_STANDARD = "gnu++20";
				CLANG_ENABLE_MODULES = YES;
				CLANG_ENABLE_OBJC_ARC = YES;
				CLANG_ENABLE_OBJC_WEAK = YES;
				CLANG_WARN_BLOCK_CAPTURE_AUTORELEASING = YES;
				CLANG_WARN_BOOL_CONVERSION = YES;
				CLANG_WARN_COMMA = YES;
				CLANG_WARN_CONSTANT_CONVERSION = YES;
				CLANG_WARN_DEPRECATED_OBJC_IMPLEMENTATIONS = YES;
				CLANG_WARN_DIRECT_OBJC_ISA_USAGE = YES_ERROR;
				CLANG_WARN_DOCUMENTATION_COMMENTS = YES;
				CLANG_WARN_EMPTY_BODY = YES;
				CLANG_WARN_ENUM_CONVERSION = YES;
				CLANG_WARN_INFINITE_RECURSION = YES;
				CLANG_WARN_INT_CONVERSION = YES;
				CLANG_WARN_NON_LITERAL_NULL_CONVERSION = YES;
				CLANG_WARN_OBJC_IMPLICIT_RETAIN_SELF = YES;
				CLANG_WARN_OBJC_LITERAL_CONVERSION = YES;
				CLANG_WARN_OBJC_ROOT_CLASS = YES_ERROR;
				CLANG_WARN_QUOTED_INCLUDE_IN_FRAMEWORK_HEADER = YES;
				CLANG_WARN_RANGE_LOOP_ANALYSIS = YES;
				CLANG_WARN_STRICT_PROTOTYPES = YES;
				CLANG_WARN_SUSPICIOUS_MOVE = YES;
				CLANG_WARN_UNGUARDED_AVAILABILITY = YES_AGGRESSIVE;
				CLANG_WARN_UNREACHABLE_CODE = YES;
				CLANG_WARN__DUPLICATE_METHOD_MATCH = YES;
				COPY_PHASE_STRIP = NO;
				DEBUG_INFORMATION_FORMAT = "dwarf-with-dsym";
				ENABLE_NS_ASSERTIONS = NO;
				ENABLE_STRICT_OBJC_MSGSEND = YES;
				ENABLE_USER_SCRIPT_SANDBOXING = YES;
				GCC_C_LANGUAGE_STANDARD = gnu17;
				GCC_NO_COMMON_BLOCKS = YES;
				GCC_WARN_64_TO_32_BIT_CONVERSION = YES;
				GCC_WARN_ABOUT_RETURN_TYPE = YES_ERROR;
				GCC_WARN_UNDECLARED_SELECTOR = YES;
				GCC_WARN_UNINITIALIZED_AUTOS = YES_AGGRESSIVE;
				GCC_WARN_UNUSED_FUNCTION = YES;
				GCC_WARN_UNUSED_VARIABLE = YES;
				IPHONEOS_DEPLOYMENT_TARGET = 17.0;
				LOCALIZATION_PREFERS_STRING_CATALOGS = YES;
				MTL_ENABLE_DEBUG_INFO = NO;
				MTL_FAST_MATH = YES;
				SDKROOT = iphoneos;
				SWIFT_COMPILATION_MODE = wholemodule;
				VALIDATE_PRODUCT = YES;
			};
			name = Release;
		};
		6F13638A2A7B402D00DD6717 /* Debug */ = {
			isa = XCBuildConfiguration;
			baseConfigurationReference = 84495DCF7D78049A280D9566 /* Pods-Desafio CSTV Fuze.debug.xcconfig */;
			buildSettings = {
				ASSETCATALOG_COMPILER_APPICON_NAME = AppIcon;
				ASSETCATALOG_COMPILER_GLOBAL_ACCENT_COLOR_NAME = AccentColor;
				CODE_SIGN_STYLE = Automatic;
				CURRENT_PROJECT_VERSION = 1;
				DEVELOPMENT_ASSET_PATHS = "\"Desafio CSTV Fuze/Preview Content\"";
				ENABLE_PREVIEWS = YES;
				ENABLE_USER_SCRIPT_SANDBOXING = NO;
				GENERATE_INFOPLIST_FILE = YES;
				INFOPLIST_FILE = "Desafio-CSTV-Fuze-Info.plist";
				INFOPLIST_KEY_UIApplicationSceneManifest_Generation = YES;
				INFOPLIST_KEY_UIApplicationSupportsIndirectInputEvents = YES;
				INFOPLIST_KEY_UISupportedInterfaceOrientations_iPad = "UIInterfaceOrientationPortrait UIInterfaceOrientationPortraitUpsideDown UIInterfaceOrientationLandscapeLeft UIInterfaceOrientationLandscapeRight";
				INFOPLIST_KEY_UISupportedInterfaceOrientations_iPhone = "UIInterfaceOrientationPortrait UIInterfaceOrientationLandscapeLeft UIInterfaceOrientationLandscapeRight";
				INFOPLIST_KEY_UIUserInterfaceStyle = Dark;
				IPHONEOS_DEPLOYMENT_TARGET = 15.0;
				LD_RUNPATH_SEARCH_PATHS = (
					"$(inherited)",
					"@executable_path/Frameworks",
				);
				MARKETING_VERSION = 1.0;
				PRODUCT_BUNDLE_IDENTIFIER = "com.thalles.teste.Desafio-CSTV-Fuze";
				PRODUCT_NAME = "$(TARGET_NAME)";
				SWIFT_EMIT_LOC_STRINGS = YES;
				SWIFT_VERSION = 5.0;
				TARGETED_DEVICE_FAMILY = "1,2";
			};
			name = Debug;
		};
		6F13638B2A7B402D00DD6717 /* Release */ = {
			isa = XCBuildConfiguration;
			baseConfigurationReference = 46902DC2F88D82BE9D2A78E7 /* Pods-Desafio CSTV Fuze.release.xcconfig */;
			buildSettings = {
				ASSETCATALOG_COMPILER_APPICON_NAME = AppIcon;
				ASSETCATALOG_COMPILER_GLOBAL_ACCENT_COLOR_NAME = AccentColor;
				CODE_SIGN_STYLE = Automatic;
				CURRENT_PROJECT_VERSION = 1;
				DEVELOPMENT_ASSET_PATHS = "\"Desafio CSTV Fuze/Preview Content\"";
				ENABLE_PREVIEWS = YES;
				ENABLE_USER_SCRIPT_SANDBOXING = NO;
				GENERATE_INFOPLIST_FILE = YES;
				INFOPLIST_FILE = "Desafio-CSTV-Fuze-Info.plist";
				INFOPLIST_KEY_UIApplicationSceneManifest_Generation = YES;
				INFOPLIST_KEY_UIApplicationSupportsIndirectInputEvents = YES;
				INFOPLIST_KEY_UISupportedInterfaceOrientations_iPad = "UIInterfaceOrientationPortrait UIInterfaceOrientationPortraitUpsideDown UIInterfaceOrientationLandscapeLeft UIInterfaceOrientationLandscapeRight";
				INFOPLIST_KEY_UISupportedInterfaceOrientations_iPhone = "UIInterfaceOrientationPortrait UIInterfaceOrientationLandscapeLeft UIInterfaceOrientationLandscapeRight";
				INFOPLIST_KEY_UIUserInterfaceStyle = Dark;
				IPHONEOS_DEPLOYMENT_TARGET = 15.0;
				LD_RUNPATH_SEARCH_PATHS = (
					"$(inherited)",
					"@executable_path/Frameworks",
				);
				MARKETING_VERSION = 1.0;
				PRODUCT_BUNDLE_IDENTIFIER = "com.thalles.teste.Desafio-CSTV-Fuze";
				PRODUCT_NAME = "$(TARGET_NAME)";
				SWIFT_EMIT_LOC_STRINGS = YES;
				SWIFT_VERSION = 5.0;
				TARGETED_DEVICE_FAMILY = "1,2";
			};
			name = Release;
		};
		6F8611362A82AACE005E404F /* Debug */ = {
			isa = XCBuildConfiguration;
			baseConfigurationReference = B291376CF323430366D53EF7 /* Pods-Desafio CSTV Fuze Tests.debug.xcconfig */;
			buildSettings = {
				BUNDLE_LOADER = "$(TEST_HOST)";
				CODE_SIGN_STYLE = Automatic;
				CURRENT_PROJECT_VERSION = 1;
				ENABLE_USER_SCRIPT_SANDBOXING = NO;
				GENERATE_INFOPLIST_FILE = YES;
				MARKETING_VERSION = 1.0;
				PRODUCT_BUNDLE_IDENTIFIER = "com.thalles.teste.Desafio-CSTV-Fuze-Tests";
				PRODUCT_NAME = "$(TARGET_NAME)";
				SWIFT_EMIT_LOC_STRINGS = NO;
				SWIFT_VERSION = 5.0;
				TARGETED_DEVICE_FAMILY = "1,2";
				TEST_HOST = "$(BUILT_PRODUCTS_DIR)/Desafio CSTV Fuze.app/$(BUNDLE_EXECUTABLE_FOLDER_PATH)/Desafio CSTV Fuze";
			};
			name = Debug;
		};
		6F8611372A82AACE005E404F /* Release */ = {
			isa = XCBuildConfiguration;
			baseConfigurationReference = 3FC25282B2A646B67B599E92 /* Pods-Desafio CSTV Fuze Tests.release.xcconfig */;
			buildSettings = {
				BUNDLE_LOADER = "$(TEST_HOST)";
				CODE_SIGN_STYLE = Automatic;
				CURRENT_PROJECT_VERSION = 1;
				ENABLE_USER_SCRIPT_SANDBOXING = NO;
				GENERATE_INFOPLIST_FILE = YES;
				MARKETING_VERSION = 1.0;
				PRODUCT_BUNDLE_IDENTIFIER = "com.thalles.teste.Desafio-CSTV-Fuze-Tests";
				PRODUCT_NAME = "$(TARGET_NAME)";
				SWIFT_EMIT_LOC_STRINGS = NO;
				SWIFT_VERSION = 5.0;
				TARGETED_DEVICE_FAMILY = "1,2";
				TEST_HOST = "$(BUILT_PRODUCTS_DIR)/Desafio CSTV Fuze.app/$(BUNDLE_EXECUTABLE_FOLDER_PATH)/Desafio CSTV Fuze";
			};
			name = Release;
		};
/* End XCBuildConfiguration section */

/* Begin XCConfigurationList section */
		6F1363762A7B402A00DD6717 /* Build configuration list for PBXProject "Desafio CSTV Fuze" */ = {
			isa = XCConfigurationList;
			buildConfigurations = (
				6F1363872A7B402D00DD6717 /* Debug */,
				6F1363882A7B402D00DD6717 /* Release */,
			);
			defaultConfigurationIsVisible = 0;
			defaultConfigurationName = Release;
		};
		6F1363892A7B402D00DD6717 /* Build configuration list for PBXNativeTarget "Desafio CSTV Fuze" */ = {
			isa = XCConfigurationList;
			buildConfigurations = (
				6F13638A2A7B402D00DD6717 /* Debug */,
				6F13638B2A7B402D00DD6717 /* Release */,
			);
			defaultConfigurationIsVisible = 0;
			defaultConfigurationName = Release;
		};
		6F8611382A82AACE005E404F /* Build configuration list for PBXNativeTarget "Desafio CSTV Fuze Tests" */ = {
			isa = XCConfigurationList;
			buildConfigurations = (
				6F8611362A82AACE005E404F /* Debug */,
				6F8611372A82AACE005E404F /* Release */,
			);
			defaultConfigurationIsVisible = 0;
			defaultConfigurationName = Release;
		};
/* End XCConfigurationList section */

/* Begin XCRemoteSwiftPackageReference section */
		6F57EC2F2A80476B0086065F /* XCRemoteSwiftPackageReference "swiftui-cached-async-image" */ = {
			isa = XCRemoteSwiftPackageReference;
			repositoryURL = "https://github.com/lorenzofiamingo/swiftui-cached-async-image";
			requirement = {
				kind = upToNextMajorVersion;
				minimumVersion = 2.1.1;
			};
		};
/* End XCRemoteSwiftPackageReference section */

/* Begin XCSwiftPackageProductDependency section */
		6F57EC302A80476B0086065F /* CachedAsyncImage */ = {
			isa = XCSwiftPackageProductDependency;
			package = 6F57EC2F2A80476B0086065F /* XCRemoteSwiftPackageReference "swiftui-cached-async-image" */;
			productName = CachedAsyncImage;
		};
/* End XCSwiftPackageProductDependency section */
	};
	rootObject = 6F1363732A7B402A00DD6717 /* Project object */;
}
