PODS:
  - OHHTTPStubs/Core (9.1.0)
  - OHHTTPStubs/Default (9.1.0):
    - OHHTTPStubs/Core
    - OHHTTPStubs/JSON
    - OHHTTPStubs/NSURLSession
    - OHHTTPStubs/OHPathHelpers
  - OHHTTPStubs/JSON (9.1.0):
    - OHHTTPStubs/Core
  - OHHTTPStubs/NSURLSession (9.1.0):
    - OHHTTPStubs/Core
  - OHHTTPStubs/OHPathHelpers (9.1.0)
  - OHHTTPStubs/Swift (9.1.0):
    - OHHTTPStubs/Default
  - RxCocoa (6.5.0):
    - RxRelay (= 6.5.0)
    - RxSwift (= 6.5.0)
  - RxRelay (6.5.0):
    - RxSwift (= 6.5.0)
  - RxSwift (6.5.0)

DEPENDENCIES:
  - OHHTTPStubs/Swift
  - RxCocoa
  - RxSwift

SPEC REPOS:
  trunk:
    - OHHTTPStubs
    - RxCocoa
    - RxRelay
    - RxSwift

SPEC CHECKSUMS:
  OHHTTPStubs: 90eac6d8f2c18317baeca36698523dc67c513831
  RxCocoa: 94f817b71c07517321eb4f9ad299112ca8af743b
  RxRelay: 1de1523e604c72b6c68feadedd1af3b1b4d0ecbd
  RxSwift: 5710a9e6b17f3c3d6e40d6e559b9fa1e813b2ef8

PODFILE CHECKSUM: c544c9094655a1fec3912c91ef152d7058df204a

COCOAPODS: 1.11.3
